
Microsoft Visual Studio Solution File, Format Version 12.00
# Visual Studio Version 17
VisualStudioVersion = 17.3.32929.385
MinimumVisualStudioVersion = 10.0.40219.1
Project("{FAE04EC0-301F-11D3-BF4B-00C04F79EFBC}") = "Agencia", "Agencia\Agencia.csproj", "{A3B1E171-2DF6-4EDC-95BF-49B74DA81EB4}"
EndProject
Global
	GlobalSection(SolutionConfigurationPlatforms) = preSolution
		Debug|Any CPU = Debug|Any CPU
		Release|Any CPU = Release|Any CPU
	EndGlobalSection
	GlobalSection(ProjectConfigurationPlatforms) = postSolution
		{A3B1E171-2DF6-4EDC-95BF-49B74DA81EB4}.Debug|Any CPU.ActiveCfg = Debug|Any CPU
		{A3B1E171-2DF6-4EDC-95BF-49B74DA81EB4}.Debug|Any CPU.Build.0 = Debug|Any CPU
		{A3B1E171-2DF6-4EDC-95BF-49B74DA81EB4}.Release|Any CPU.ActiveCfg = Release|Any CPU
		{A3B1E171-2DF6-4EDC-95BF-49B74DA81EB4}.Release|Any CPU.Build.0 = Release|Any CPU
	EndGlobalSection
	GlobalSection(SolutionProperties) = preSolution
		HideSolutionNode = FALSE
	EndGlobalSection
	GlobalSection(ExtensibilityGlobals) = postSolution
		SolutionGuid = {90A28076-95F5-4868-BE7F-E85DBED4F373}
	EndGlobalSection
EndGlobal
